<?xml version="1.0" encoding="utf-8"?>
<Project ToolsVersion="4.0" xmlns="http://schemas.microsoft.com/developer/msbuild/2003">
  <ItemGroup>
    <Filter Include="Source Files">
      <UniqueIdentifier>{4FC737F1-C7A5-4376-A066-2A32D752A2FF}</UniqueIdentifier>
      <Extensions>cpp;c;cc;cxx;c++;cppm;ixx;def;odl;idl;hpj;bat;asm;asmx</Extensions>
    </Filter>
    <Filter Include="Header Files">
      <UniqueIdentifier>{93995380-89BD-4b04-88EB-625FBE52EBFB}</UniqueIdentifier>
      <Extensions>h;hh;hpp;hxx;h++;hm;inl;inc;ipp;xsd</Extensions>
    </Filter>
  </ItemGroup>
  <ItemGroup>
    <ClCompile Include="src\Engine\private\AssetManager.cpp">
      <Filter>Source Files</Filter>
    </ClCompile>
    <ClCompile Include="src\Engine\private\Collision\CollisionGeometry.cpp">
      <Filter>Source Files</Filter>
    </ClCompile>
    <ClCompile Include="src\Engine\private\ECS\EntityManager.cpp">
      <Filter>Source Files</Filter>
    </ClCompile>
    <ClCompile Include="src\Engine\private\Game\Game.cpp">
      <Filter>Source Files</Filter>
    </ClCompile>
    <ClCompile Include="src\Engine\private\Game\SystemScheduler.cpp">
      <Filter>Source Files</Filter>
    </ClCompile>
    <ClCompile Include="src\Engine\private\Systems\RenderSystem.cpp">
      <Filter>Source Files</Filter>
    </ClCompile>
    <ClInclude Include="src\Engine\public\AssetManager.h">
      <Filter>Header Files</Filter>
    </ClInclude>
    <ClInclude Include="src\Engine\public\Collision\CollisionGeometry.h">
      <Filter>Header Files</Filter>
    </ClInclude>
    <ClInclude Include="src\Engine\public\Components\Collision.h">
      <Filter>Header Files</Filter>
    </ClInclude>
    <ClInclude Include="src\Engine\public\Components\Renderable.h">
      <Filter>Header Files</Filter>
    </ClInclude>
    <ClInclude Include="src\Engine\public\Components\Shape.h">
      <Filter>Header Files</Filter>
    </ClInclude>
    <ClInclude Include="src\Engine\public\Components\Text.h">
      <Filter>Header Files</Filter>
    </ClInclude>
    <ClInclude Include="src\Engine\public\Components\Transform.h">
      <Filter>Header Files</Filter>
    </ClInclude>
    <ClInclude Include="src\Engine\public\Components\Velocity.h">
      <Filter>Header Files</Filter>
    </ClInclude>
    <ClInclude Include="src\Engine\public\ECS\ComponentPool.h">
      <Filter>Header Files</Filter>
    </ClInclude>
    <ClInclude Include="src\Engine\public\ECS\EntityId.h">
      <Filter>Header Files</Filter>
    </ClInclude>
    <ClInclude Include="src\Engine\public\ECS\EntityManager.h">
      <Filter>Header Files</Filter>
    </ClInclude>
    <ClInclude Include="src\Engine\public\ECS\IComponentPool.h">
      <Filter>Header Files</Filter>
    </ClInclude>
    <ClInclude Include="src\Engine\public\Game\Game.h">
      <Filter>Header Files</Filter>
    </ClInclude>
    <ClInclude Include="src\Engine\public\Game\SystemScheduler.h">
      <Filter>Header Files</Filter>
    </ClInclude>
    <ClInclude Include="src\Engine\public\State\IState.h">
      <Filter>Header Files</Filter>
    </ClInclude>
    <ClInclude Include="src\Engine\public\Systems\RenderSystem.h">
      <Filter>Header Files</Filter>
    </ClInclude>
    <ClInclude Include="src\Engine\public\Systems\System.h">
      <Filter>Header Files</Filter>
    </ClInclude>
  </ItemGroup>
</Project>
